
Microsoft Visual Studio Solution File, Format Version 12.00
# Visual Studio 15
VisualStudioVersion = 15.0.26430.16
MinimumVisualStudioVersion = 10.0.40219.1
Project("{FAE04EC0-301F-11D3-BF4B-00C04F79EFBC}") = "Ep5.Masini", "Ep5.Masini\Ep5.Masini.csproj", "{882608AB-194E-490A-8FEE-0A3C6EBD47E8}"
EndProject
Project("{FAE04EC0-301F-11D3-BF4B-00C04F79EFBC}") = "Ep7.BibliotecaMasini", "Ep7.BibliotecaMasini\Ep7.BibliotecaMasini.csproj", "{B814A6FD-B58C-426E-8FDF-785B3F9210AA}"
EndProject
Global
	GlobalSection(SolutionConfigurationPlatforms) = preSolution
		Debug|Any CPU = Debug|Any CPU
		Release|Any CPU = Release|Any CPU
	EndGlobalSection
	GlobalSection(ProjectConfigurationPlatforms) = postSolution
		{882608AB-194E-490A-8FEE-0A3C6EBD47E8}.Debug|Any CPU.ActiveCfg = Debug|Any CPU
		{882608AB-194E-490A-8FEE-0A3C6EBD47E8}.Debug|Any CPU.Build.0 = Debug|Any CPU
		{882608AB-194E-490A-8FEE-0A3C6EBD47E8}.Release|Any CPU.ActiveCfg = Release|Any CPU
		{882608AB-194E-490A-8FEE-0A3C6EBD47E8}.Release|Any CPU.Build.0 = Release|Any CPU
		{B814A6FD-B58C-426E-8FDF-785B3F9210AA}.Debug|Any CPU.ActiveCfg = Debug|Any CPU
		{B814A6FD-B58C-426E-8FDF-785B3F9210AA}.Debug|Any CPU.Build.0 = Debug|Any CPU
		{B814A6FD-B58C-426E-8FDF-785B3F9210AA}.Release|Any CPU.ActiveCfg = Release|Any CPU
		{B814A6FD-B58C-426E-8FDF-785B3F9210AA}.Release|Any CPU.Build.0 = Release|Any CPU
	EndGlobalSection
	GlobalSection(SolutionProperties) = preSolution
		HideSolutionNode = FALSE
	EndGlobalSection
EndGlobal
